// !$*UTF8*$!
{
	archiveVersion = 1;
	classes = {
	};
	objectVersion = 50;
	objects = {

/* Begin PBXBuildFile section */
		3F8CB25A2462811C00C653F3 /* AppDelegate.swift in Sources */ = {isa = PBXBuildFile; fileRef = 3F8CB2592462811C00C653F3 /* AppDelegate.swift */; };
		3F8CB2602462811C00C653F3 /* GameScene.swift in Sources */ = {isa = PBXBuildFile; fileRef = 3F8CB25F2462811C00C653F3 /* GameScene.swift */; };
		3F8CB2622462811C00C653F3 /* GameViewController.swift in Sources */ = {isa = PBXBuildFile; fileRef = 3F8CB2612462811C00C653F3 /* GameViewController.swift */; };
		3F8CB2652462811C00C653F3 /* Main.storyboard in Resources */ = {isa = PBXBuildFile; fileRef = 3F8CB2632462811C00C653F3 /* Main.storyboard */; };
		3F8CB2672462812400C653F3 /* Assets.xcassets in Resources */ = {isa = PBXBuildFile; fileRef = 3F8CB2662462812400C653F3 /* Assets.xcassets */; };
		3F8CB26A2462812400C653F3 /* LaunchScreen.storyboard in Resources */ = {isa = PBXBuildFile; fileRef = 3F8CB2682462812400C653F3 /* LaunchScreen.storyboard */; };
		3F9E10042464609500B59AA4 /* MenuScene.swift in Sources */ = {isa = PBXBuildFile; fileRef = 3F9E10032464609500B59AA4 /* MenuScene.swift */; };
		3FDE77AC246376A7007B9EB6 /* Settings.swift in Sources */ = {isa = PBXBuildFile; fileRef = 3FDE77AB246376A7007B9EB6 /* Settings.swift */; };
/* End PBXBuildFile section */

/* Begin PBXFileReference section */
		3F8CB2562462811C00C653F3 /* colorSwitch.app */ = {isa = PBXFileReference; explicitFileType = wrapper.application; includeInIndex = 0; path = colorSwitch.app; sourceTree = BUILT_PRODUCTS_DIR; };
		3F8CB2592462811C00C653F3 /* AppDelegate.swift */ = {isa = PBXFileReference; lastKnownFileType = sourcecode.swift; path = AppDelegate.swift; sourceTree = "<group>"; };
		3F8CB25F2462811C00C653F3 /* GameScene.swift */ = {isa = PBXFileReference; lastKnownFileType = sourcecode.swift; path = GameScene.swift; sourceTree = "<group>"; };
		3F8CB2612462811C00C653F3 /* GameViewController.swift */ = {isa = PBXFileReference; lastKnownFileType = sourcecode.swift; path = GameViewController.swift; sourceTree = "<group>"; };
		3F8CB2642462811C00C653F3 /* Base */ = {isa = PBXFileReference; lastKnownFileType = file.storyboard; name = Base; path = Base.lproj/Main.storyboard; sourceTree = "<group>"; };
		3F8CB2662462812400C653F3 /* Assets.xcassets */ = {isa = PBXFileReference; lastKnownFileType = folder.assetcatalog; path = Assets.xcassets; sourceTree = "<group>"; };
		3F8CB2692462812400C653F3 /* Base */ = {isa = PBXFileReference; lastKnownFileType = file.storyboard; name = Base; path = Base.lproj/LaunchScreen.storyboard; sourceTree = "<group>"; };
		3F8CB26B2462812400C653F3 /* Info.plist */ = {isa = PBXFileReference; lastKnownFileType = text.plist.xml; path = Info.plist; sourceTree = "<group>"; };
		3F9E10032464609500B59AA4 /* MenuScene.swift */ = {isa = PBXFileReference; lastKnownFileType = sourcecode.swift; path = MenuScene.swift; sourceTree = "<group>"; };
		3FDE77AB246376A7007B9EB6 /* Settings.swift */ = {isa = PBXFileReference; lastKnownFileType = sourcecode.swift; path = Settings.swift; sourceTree = "<group>"; };
/* End PBXFileReference section */

/* Begin PBXFrameworksBuildPhase section */
		3F8CB2532462811C00C653F3 /* Frameworks */ = {
			isa = PBXFrameworksBuildPhase;
			buildActionMask = 2147483647;
			files = (
			);
			runOnlyForDeploymentPostprocessing = 0;
		};
/* End PBXFrameworksBuildPhase section */

/* Begin PBXGroup section */
		3F8CB24D2462811B00C653F3 = {
			isa = PBXGroup;
			children = (
				3F8CB2582462811C00C653F3 /* colorSwitch */,
				3F8CB2572462811C00C653F3 /* Products */,
			);
			sourceTree = "<group>";
		};
		3F8CB2572462811C00C653F3 /* Products */ = {
			isa = PBXGroup;
			children = (
				3F8CB2562462811C00C653F3 /* colorSwitch.app */,
			);
			name = Products;
			sourceTree = "<group>";
		};
		3F8CB2582462811C00C653F3 /* colorSwitch */ = {
			isa = PBXGroup;
			children = (
				3F8CB26B2462812400C653F3 /* Info.plist */,
				3F8CB2742462927100C653F3 /* assests */,
				3F8CB2732462925600C653F3 /* template */,
				3F8CB2722462924100C653F3 /* Scenes */,
				3F8CB271246291F200C653F3 /* ViewController */,
			);
			path = colorSwitch;
			sourceTree = "<group>";
		};
		3F8CB271246291F200C653F3 /* ViewController */ = {
			isa = PBXGroup;
			children = (
				3F8CB2612462811C00C653F3 /* GameViewController.swift */,
			);
			name = ViewController;
			path = "New Group";
			sourceTree = "<group>";
		};
		3F8CB2722462924100C653F3 /* Scenes */ = {
			isa = PBXGroup;
			children = (
				3F8CB25F2462811C00C653F3 /* GameScene.swift */,
				3F9E10032464609500B59AA4 /* MenuScene.swift */,
			);
			path = Scenes;
			sourceTree = "<group>";
		};
		3F8CB2732462925600C653F3 /* template */ = {
			isa = PBXGroup;
			children = (
				3F8CB2592462811C00C653F3 /* AppDelegate.swift */,
				3FDE77AB246376A7007B9EB6 /* Settings.swift */,
			);
			path = template;
			sourceTree = "<group>";
		};
		3F8CB2742462927100C653F3 /* assests */ = {
			isa = PBXGroup;
			children = (
				3F8CB2682462812400C653F3 /* LaunchScreen.storyboard */,
				3F8CB2632462811C00C653F3 /* Main.storyboard */,
				3F8CB2662462812400C653F3 /* Assets.xcassets */,
			);
			path = assests;
			sourceTree = "<group>";
		};
/* End PBXGroup section */

/* Begin PBXNativeTarget section */
		3F8CB2552462811C00C653F3 /* colorSwitch */ = {
			isa = PBXNativeTarget;
			buildConfigurationList = 3F8CB26E2462812400C653F3 /* Build configuration list for PBXNativeTarget "colorSwitch" */;
			buildPhases = (
				3F8CB2522462811C00C653F3 /* Sources */,
				3F8CB2532462811C00C653F3 /* Frameworks */,
				3F8CB2542462811C00C653F3 /* Resources */,
			);
			buildRules = (
			);
			dependencies = (
			);
			name = colorSwitch;
			productName = colorSwitch;
			productReference = 3F8CB2562462811C00C653F3 /* colorSwitch.app */;
			productType = "com.apple.product-type.application";
		};
/* End PBXNativeTarget section */

/* Begin PBXProject section */
		3F8CB24E2462811B00C653F3 /* Project object */ = {
			isa = PBXProject;
			attributes = {
				LastSwiftUpdateCheck = 1010;
				LastUpgradeCheck = 1010;
				ORGANIZATIONNAME = "BSAL-MAC";
				TargetAttributes = {
					3F8CB2552462811C00C653F3 = {
						CreatedOnToolsVersion = 10.1;
					};
				};
			};
			buildConfigurationList = 3F8CB2512462811C00C653F3 /* Build configuration list for PBXProject "colorSwitch" */;
			compatibilityVersion = "Xcode 9.3";
			developmentRegion = en;
			hasScannedForEncodings = 0;
			knownRegions = (
				en,
				Base,
			);
			mainGroup = 3F8CB24D2462811B00C653F3;
			productRefGroup = 3F8CB2572462811C00C653F3 /* Products */;
			projectDirPath = "";
			projectRoot = "";
			targets = (
				3F8CB2552462811C00C653F3 /* colorSwitch */,
			);
		};
/* End PBXProject section */

/* Begin PBXResourcesBuildPhase section */
		3F8CB2542462811C00C653F3 /* Resources */ = {
			isa = PBXResourcesBuildPhase;
			buildActionMask = 2147483647;
			files = (
				3F8CB2652462811C00C653F3 /* Main.storyboard in Resources */,
				3F8CB2672462812400C653F3 /* Assets.xcassets in Resources */,
				3F8CB26A2462812400C653F3 /* LaunchScreen.storyboard in Resources */,
			);
			runOnlyForDeploymentPostprocessing = 0;
		};
/* End PBXResourcesBuildPhase section */

/* Begin PBXSourcesBuildPhase section */
		3F8CB2522462811C00C653F3 /* Sources */ = {
			isa = PBXSourcesBuildPhase;
			buildActionMask = 2147483647;
			files = (
				3F9E10042464609500B59AA4 /* MenuScene.swift in Sources */,
				3F8CB2602462811C00C653F3 /* GameScene.swift in Sources */,
				3F8CB2622462811C00C653F3 /* GameViewController.swift in Sources */,
				3FDE77AC246376A7007B9EB6 /* Settings.swift in Sources */,
				3F8CB25A2462811C00C653F3 /* AppDelegate.swift in Sources */,
			);
			runOnlyForDeploymentPostprocessing = 0;
		};
/* End PBXSourcesBuildPhase section */

/* Begin PBXVariantGroup section */
		3F8CB2632462811C00C653F3 /* Main.storyboard */ = {
			isa = PBXVariantGroup;
			children = (
				3F8CB2642462811C00C653F3 /* Base */,
			);
			name = Main.storyboard;
			sourceTree = "<group>";
		};
		3F8CB2682462812400C653F3 /* LaunchScreen.storyboard */ = {
			isa = PBXVariantGroup;
			children = (
				3F8CB2692462812400C653F3 /* Base */,
			);
			name = LaunchScreen.storyboard;
			sourceTree = "<group>";
		};
/* End PBXVariantGroup section */

/* Begin XCBuildConfiguration section */
		3F8CB26C2462812400C653F3 /* Debug */ = {
			isa = XCBuildConfiguration;
			buildSettings = {
				ALWAYS_SEARCH_USER_PATHS = NO;
				CLANG_ANALYZER_NONNULL = YES;
				CLANG_ANALYZER_NUMBER_OBJECT_CONVERSION = YES_AGGRESSIVE;
				CLANG_CXX_LANGUAGE_STANDARD = "gnu++14";
				CLANG_CXX_LIBRARY = "libc++";
				CLANG_ENABLE_MODULES = YES;
				CLANG_ENABLE_OBJC_ARC = YES;
				CLANG_ENABLE_OBJC_WEAK = YES;
				CLANG_WARN_BLOCK_CAPTURE_AUTORELEASING = YES;
				CLANG_WARN_BOOL_CONVERSION = YES;
				CLANG_WARN_COMMA = YES;
				CLANG_WARN_CONSTANT_CONVERSION = YES;
				CLANG_WARN_DEPRECATED_OBJC_IMPLEMENTATIONS = YES;
				CLANG_WARN_DIRECT_OBJC_ISA_USAGE = YES_ERROR;
				CLANG_WARN_DOCUMENTATION_COMMENTS = YES;
				CLANG_WARN_EMPTY_BODY = YES;
				CLANG_WARN_ENUM_CONVERSION = YES;
				CLANG_WARN_INFINITE_RECURSION = YES;
				CLANG_WARN_INT_CONVERSION = YES;
				CLANG_WARN_NON_LITERAL_NULL_CONVERSION = YES;
				CLANG_WARN_OBJC_IMPLICIT_RETAIN_SELF = YES;
				CLANG_WARN_OBJC_LITERAL_CONVERSION = YES;
				CLANG_WARN_OBJC_ROOT_CLASS = YES_ERROR;
				CLANG_WARN_RANGE_LOOP_ANALYSIS = YES;
				CLANG_WARN_STRICT_PROTOTYPES = YES;
				CLANG_WARN_SUSPICIOUS_MOVE = YES;
				CLANG_WARN_UNGUARDED_AVAILABILITY = YES_AGGRESSIVE;
				CLANG_WARN_UNREACHABLE_CODE = YES;
				CLANG_WARN__DUPLICATE_METHOD_MATCH = YES;
				CODE_SIGN_IDENTITY = "iPhone Developer";
				COPY_PHASE_STRIP = NO;
				DEBUG_INFORMATION_FORMAT = dwarf;
				ENABLE_STRICT_OBJC_MSGSEND = YES;
				ENABLE_TESTABILITY = YES;
				GCC_C_LANGUAGE_STANDARD = gnu11;
				GCC_DYNAMIC_NO_PIC = NO;
				GCC_NO_COMMON_BLOCKS = YES;
				GCC_OPTIMIZATION_LEVEL = 0;
				GCC_PREPROCESSOR_DEFINITIONS = (
					"DEBUG=1",
					"$(inherited)",
				);
				GCC_WARN_64_TO_32_BIT_CONVERSION = YES;
				GCC_WARN_ABOUT_RETURN_TYPE = YES_ERROR;
				GCC_WARN_UNDECLARED_SELECTOR = YES;
				GCC_WARN_UNINITIALIZED_AUTOS = YES_AGGRESSIVE;
				GCC_WARN_UNUSED_FUNCTION = YES;
				GCC_WARN_UNUSED_VARIABLE = YES;
				IPHONEOS_DEPLOYMENT_TARGET = 12.1;
				MTL_ENABLE_DEBUG_INFO = INCLUDE_SOURCE;
				MTL_FAST_MATH = YES;
				ONLY_ACTIVE_ARCH = YES;
				SDKROOT = iphoneos;
				SWIFT_ACTIVE_COMPILATION_CONDITIONS = DEBUG;
				SWIFT_OPTIMIZATION_LEVEL = "-Onone";
			};
			name = Debug;
		};
		3F8CB26D2462812400C653F3 /* Release */ = {
			isa = XCBuildConfiguration;
			buildSettings = {
				ALWAYS_SEARCH_USER_PATHS = NO;
				CLANG_ANALYZER_NONNULL = YES;
				CLANG_ANALYZER_NUMBER_OBJECT_CONVERSION = YES_AGGRESSIVE;
				CLANG_CXX_LANGUAGE_STANDARD = "gnu++14";
				CLANG_CXX_LIBRARY = "libc++";
				CLANG_ENABLE_MODULES = YES;
				CLANG_ENABLE_OBJC_ARC = YES;
				CLANG_ENABLE_OBJC_WEAK = YES;
				CLANG_WARN_BLOCK_CAPTURE_AUTORELEASING = YES;
				CLANG_WARN_BOOL_CONVERSION = YES;
				CLANG_WARN_COMMA = YES;
				CLANG_WARN_CONSTANT_CONVERSION = YES;
				CLANG_WARN_DEPRECATED_OBJC_IMPLEMENTATIONS = YES;
				CLANG_WARN_DIRECT_OBJC_ISA_USAGE = YES_ERROR;
				CLANG_WARN_DOCUMENTATION_COMMENTS = YES;
				CLANG_WARN_EMPTY_BODY = YES;
				CLANG_WARN_ENUM_CONVERSION = YES;
				CLANG_WARN_INFINITE_RECURSION = YES;
				CLANG_WARN_INT_CONVERSION = YES;
				CLANG_WARN_NON_LITERAL_NULL_CONVERSION = YES;
				CLANG_WARN_OBJC_IMPLICIT_RETAIN_SELF = YES;
				CLANG_WARN_OBJC_LITERAL_CONVERSION = YES;
				CLANG_WARN_OBJC_ROOT_CLASS = YES_ERROR;
				CLANG_WARN_RANGE_LOOP_ANALYSIS = YES;
				CLANG_WARN_STRICT_PROTOTYPES = YES;
				CLANG_WARN_SUSPICIOUS_MOVE = YES;
				CLANG_WARN_UNGUARDED_AVAILABILITY = YES_AGGRESSIVE;
				CLANG_WARN_UNREACHABLE_CODE = YES;
				CLANG_WARN__DUPLICATE_METHOD_MATCH = YES;
				CODE_SIGN_IDENTITY = "iPhone Developer";
				COPY_PHASE_STRIP = NO;
				DEBUG_INFORMATION_FORMAT = "dwarf-with-dsym";
				ENABLE_NS_ASSERTIONS = NO;
				ENABLE_STRICT_OBJC_MSGSEND = YES;
				GCC_C_LANGUAGE_STANDARD = gnu11;
				GCC_NO_COMMON_BLOCKS = YES;
				GCC_WARN_64_TO_32_BIT_CONVERSION = YES;
				GCC_WARN_ABOUT_RETURN_TYPE = YES_ERROR;
				GCC_WARN_UNDECLARED_SELECTOR = YES;
				GCC_WARN_UNINITIALIZED_AUTOS = YES_AGGRESSIVE;
				GCC_WARN_UNUSED_FUNCTION = YES;
				GCC_WARN_UNUSED_VARIABLE = YES;
				IPHONEOS_DEPLOYMENT_TARGET = 12.1;
				MTL_ENABLE_DEBUG_INFO = NO;
				MTL_FAST_MATH = YES;
				SDKROOT = iphoneos;
				SWIFT_COMPILATION_MODE = wholemodule;
				SWIFT_OPTIMIZATION_LEVEL = "-O";
				VALIDATE_PRODUCT = YES;
			};
			name = Release;
		};
		3F8CB26F2462812400C653F3 /* Debug */ = {
			isa = XCBuildConfiguration;
			buildSettings = {
				ASSETCATALOG_COMPILER_APPICON_NAME = AppIcon;
				CODE_SIGN_STYLE = Automatic;
				DEVELOPMENT_TEAM = 3KU2VG7M96;
				INFOPLIST_FILE = colorSwitch/Info.plist;
				LD_RUNPATH_SEARCH_PATHS = (
					"$(inherited)",
					"@executable_path/Frameworks",
				);
				PRODUCT_BUNDLE_IDENTIFIER = shree.mojave.colorSwitch;
				PRODUCT_NAME = "$(TARGET_NAME)";
				SWIFT_VERSION = 4.2;
				TARGETED_DEVICE_FAMILY = "1,2";
			};
			name = Debug;
		};
		3F8CB2702462812400C653F3 /* Release */ = {
			isa = XCBuildConfiguration;
			buildSettings = {
				ASSETCATALOG_COMPILER_APPICON_NAME = AppIcon;
				CODE_SIGN_STYLE = Automatic;
				DEVELOPMENT_TEAM = 3KU2VG7M96;
				INFOPLIST_FILE = colorSwitch/Info.plist;
				LD_RUNPATH_SEARCH_PATHS = (
					"$(inherited)",
					"@executable_path/Frameworks",
				);
				PRODUCT_BUNDLE_IDENTIFIER = shree.mojave.colorSwitch;
				PRODUCT_NAME = "$(TARGET_NAME)";
				SWIFT_VERSION = 4.2;
				TARGETED_DEVICE_FAMILY = "1,2";
			};
			name = Release;
		};
/* End XCBuildConfiguration section */

/* Begin XCConfigurationList section */
		3F8CB2512462811C00C653F3 /* Build configuration list for PBXProject "colorSwitch" */ = {
			isa = XCConfigurationList;
			buildConfigurations = (
				3F8CB26C2462812400C653F3 /* Debug */,
				3F8CB26D2462812400C653F3 /* Release */,
			);
			defaultConfigurationIsVisible = 0;
			defaultConfigurationName = Release;
		};
		3F8CB26E2462812400C653F3 /* Build configuration list for PBXNativeTarget "colorSwitch" */ = {
			isa = XCConfigurationList;
			buildConfigurations = (
				3F8CB26F2462812400C653F3 /* Debug */,
				3F8CB2702462812400C653F3 /* Release */,
			);
			defaultConfigurationIsVisible = 0;
			defaultConfigurationName = Release;
		};
/* End XCConfigurationList section */
	};
	rootObject = 3F8CB24E2462811B00C653F3 /* Project object */;
}
